
Microsoft Visual Studio Solution File, Format Version 12.00
# Visual Studio 2012
Project("{FAE04EC0-301F-11D3-BF4B-00C04F79EFBC}") = "WavSplitter.Test", "WavSplitterTest\WavSplitter.Test.csproj", "{05F7CFC1-2455-4221-8DBC-9E81F9823CF4}"
EndProject
Project("{FAE04EC0-301F-11D3-BF4B-00C04F79EFBC}") = "WavSplitter", "WavSplitter\WavSplitter.csproj", "{22152DF0-DC66-4BBD-8220-DC0A0579DEFB}"
EndProject
Global
	GlobalSection(SolutionConfigurationPlatforms) = preSolution
		Debug|Any CPU = Debug|Any CPU
		Release|Any CPU = Release|Any CPU
	EndGlobalSection
	GlobalSection(ProjectConfigurationPlatforms) = postSolution
		{05F7CFC1-2455-4221-8DBC-9E81F9823CF4}.Debug|Any CPU.ActiveCfg = Debug|Any CPU
		{05F7CFC1-2455-4221-8DBC-9E81F9823CF4}.Debug|Any CPU.Build.0 = Debug|Any CPU
		{05F7CFC1-2455-4221-8DBC-9E81F9823CF4}.Release|Any CPU.ActiveCfg = Release|Any CPU
		{05F7CFC1-2455-4221-8DBC-9E81F9823CF4}.Release|Any CPU.Build.0 = Release|Any CPU
		{22152DF0-DC66-4BBD-8220-DC0A0579DEFB}.Debug|Any CPU.ActiveCfg = Debug|Any CPU
		{22152DF0-DC66-4BBD-8220-DC0A0579DEFB}.Debug|Any CPU.Build.0 = Debug|Any CPU
		{22152DF0-DC66-4BBD-8220-DC0A0579DEFB}.Release|Any CPU.ActiveCfg = Release|Any CPU
		{22152DF0-DC66-4BBD-8220-DC0A0579DEFB}.Release|Any CPU.Build.0 = Release|Any CPU
	EndGlobalSection
EndGlobal
